
Microsoft Visual Studio Solution File, Format Version 12.00
# Visual Studio Version 16
VisualStudioVersion = 16.0.34601.136
MinimumVisualStudioVersion = 10.0.40219.1
Project("{9A19103F-16F7-4668-BE54-9A1E7A4F7556}") = "DataAccess", "DataAccess\DataAccess.csproj", "{F7B15909-385A-405D-A645-BEE9557B86EC}"
EndProject
Project("{9A19103F-16F7-4668-BE54-9A1E7A4F7556}") = "Business", "Business\Business.csproj", "{3A4E8E83-58EE-4A66-9CD6-5D41252F9AA6}"
EndProject
Project("{9A19103F-16F7-4668-BE54-9A1E7A4F7556}") = "Entities", "Entities\Entities.csproj", "{F050C331-02EF-4573-917C-9B30D9DFE74C}"
EndProject
Project("{9A19103F-16F7-4668-BE54-9A1E7A4F7556}") = "ConsoleUI", "ConsoleUI\ConsoleUI.csproj", "{5969F78E-6F3C-4563-84D2-676240AFA863}"
EndProject
Project("{9A19103F-16F7-4668-BE54-9A1E7A4F7556}") = "Core", "Core\Core.csproj", "{FD4ED488-DD90-44F7-893F-AC0AC9A4D4C1}"
EndProject
Project("{FAE04EC0-301F-11D3-BF4B-00C04F79EFBC}") = "WebAPI", "WebAPI\WebAPI.csproj", "{E22E1B4A-3B43-41A6-BFA2-37390DC8184A}"
EndProject
Global
	GlobalSection(SolutionConfigurationPlatforms) = preSolution
		Debug|Any CPU = Debug|Any CPU
		Release|Any CPU = Release|Any CPU
	EndGlobalSection
	GlobalSection(ProjectConfigurationPlatforms) = postSolution
		{F7B15909-385A-405D-A645-BEE9557B86EC}.Debug|Any CPU.ActiveCfg = Debug|Any CPU
		{F7B15909-385A-405D-A645-BEE9557B86EC}.Debug|Any CPU.Build.0 = Debug|Any CPU
		{F7B15909-385A-405D-A645-BEE9557B86EC}.Release|Any CPU.ActiveCfg = Release|Any CPU
		{F7B15909-385A-405D-A645-BEE9557B86EC}.Release|Any CPU.Build.0 = Release|Any CPU
		{3A4E8E83-58EE-4A66-9CD6-5D41252F9AA6}.Debug|Any CPU.ActiveCfg = Debug|Any CPU
		{3A4E8E83-58EE-4A66-9CD6-5D41252F9AA6}.Debug|Any CPU.Build.0 = Debug|Any CPU
		{3A4E8E83-58EE-4A66-9CD6-5D41252F9AA6}.Release|Any CPU.ActiveCfg = Release|Any CPU
		{3A4E8E83-58EE-4A66-9CD6-5D41252F9AA6}.Release|Any CPU.Build.0 = Release|Any CPU
		{F050C331-02EF-4573-917C-9B30D9DFE74C}.Debug|Any CPU.ActiveCfg = Debug|Any CPU
		{F050C331-02EF-4573-917C-9B30D9DFE74C}.Debug|Any CPU.Build.0 = Debug|Any CPU
		{F050C331-02EF-4573-917C-9B30D9DFE74C}.Release|Any CPU.ActiveCfg = Release|Any CPU
		{F050C331-02EF-4573-917C-9B30D9DFE74C}.Release|Any CPU.Build.0 = Release|Any CPU
		{5969F78E-6F3C-4563-84D2-676240AFA863}.Debug|Any CPU.ActiveCfg = Debug|Any CPU
		{5969F78E-6F3C-4563-84D2-676240AFA863}.Debug|Any CPU.Build.0 = Debug|Any CPU
		{5969F78E-6F3C-4563-84D2-676240AFA863}.Release|Any CPU.ActiveCfg = Release|Any CPU
		{5969F78E-6F3C-4563-84D2-676240AFA863}.Release|Any CPU.Build.0 = Release|Any CPU
		{FD4ED488-DD90-44F7-893F-AC0AC9A4D4C1}.Debug|Any CPU.ActiveCfg = Debug|Any CPU
		{FD4ED488-DD90-44F7-893F-AC0AC9A4D4C1}.Debug|Any CPU.Build.0 = Debug|Any CPU
		{FD4ED488-DD90-44F7-893F-AC0AC9A4D4C1}.Release|Any CPU.ActiveCfg = Release|Any CPU
		{FD4ED488-DD90-44F7-893F-AC0AC9A4D4C1}.Release|Any CPU.Build.0 = Release|Any CPU
		{E22E1B4A-3B43-41A6-BFA2-37390DC8184A}.Debug|Any CPU.ActiveCfg = Debug|Any CPU
		{E22E1B4A-3B43-41A6-BFA2-37390DC8184A}.Debug|Any CPU.Build.0 = Debug|Any CPU
		{E22E1B4A-3B43-41A6-BFA2-37390DC8184A}.Release|Any CPU.ActiveCfg = Release|Any CPU
		{E22E1B4A-3B43-41A6-BFA2-37390DC8184A}.Release|Any CPU.Build.0 = Release|Any CPU
	EndGlobalSection
	GlobalSection(SolutionProperties) = preSolution
		HideSolutionNode = FALSE
	EndGlobalSection
	GlobalSection(ExtensibilityGlobals) = postSolution
		SolutionGuid = {2BD1C972-17A2-469E-A3BB-EFE873054FBF}
	EndGlobalSection
EndGlobal
